// !$*UTF8*$!
{
	archiveVersion = 1;
	classes = {
	};
	objectVersion = 46;
	objects = {

/* Begin PBXBuildFile section */
		F758B1D51EA5D78800B25775 /* main.m in Sources */ = {isa = PBXBuildFile; fileRef = F758B1D41EA5D78800B25775 /* main.m */; };
		F758B1D81EA5D78800B25775 /* AppDelegate.m in Sources */ = {isa = PBXBuildFile; fileRef = F758B1D71EA5D78800B25775 /* AppDelegate.m */; };
		F758B1E01EA5D78800B25775 /* Assets.xcassets in Resources */ = {isa = PBXBuildFile; fileRef = F758B1DF1EA5D78800B25775 /* Assets.xcassets */; };
		F758B1EC1EA5D8B400B25775 /* OSPTabBarController.m in Sources */ = {isa = PBXBuildFile; fileRef = F758B1EB1EA5D8B400B25775 /* OSPTabBarController.m */; };
		F758B1FA1EA5E6EF00B25775 /* OSPProfileViewController.m in Sources */ = {isa = PBXBuildFile; fileRef = F758B1F91EA5E6EF00B25775 /* OSPProfileViewController.m */; };
		F758B1FE1EA5E71200B25775 /* OSPPreferencesViewController.m in Sources */ = {isa = PBXBuildFile; fileRef = F758B1FD1EA5E71200B25775 /* OSPPreferencesViewController.m */; };
		F758B2021EA5E73400B25775 /* OSPFavoriteViewController.m in Sources */ = {isa = PBXBuildFile; fileRef = F758B2011EA5E73400B25775 /* OSPFavoriteViewController.m */; };
		F798FB9B1EB7920A00576D0D /* OSPRecommendationViewController.m in Sources */ = {isa = PBXBuildFile; fileRef = F798FB991EB7920A00576D0D /* OSPRecommendationViewController.m */; };
		F798FB9E1EB8E86F00576D0D /* OSPColor.m in Sources */ = {isa = PBXBuildFile; fileRef = F798FB9D1EB8E86F00576D0D /* OSPColor.m */; };
		F798FBA21EB9ABD500576D0D /* OSPProfile.m in Sources */ = {isa = PBXBuildFile; fileRef = F798FBA11EB9ABD500576D0D /* OSPProfile.m */; };
		F798FBA61EB9B47600576D0D /* OSPRecommendationTableViewCell.m in Sources */ = {isa = PBXBuildFile; fileRef = F798FBA51EB9B47600576D0D /* OSPRecommendationTableViewCell.m */; };
		F798FBA91EBA3DB400576D0D /* OSPRecommendationCardView.m in Sources */ = {isa = PBXBuildFile; fileRef = F798FBA81EBA3DB400576D0D /* OSPRecommendationCardView.m */; };
		F798FBAC1EBB0E6600576D0D /* OSPFont.m in Sources */ = {isa = PBXBuildFile; fileRef = F798FBAB1EBB0E6600576D0D /* OSPFont.m */; };
		F798FBAF1EBC24BD00576D0D /* OSPIcon.m in Sources */ = {isa = PBXBuildFile; fileRef = F798FBAE1EBC24BD00576D0D /* OSPIcon.m */; };
		F798FBB21EBD9BA500576D0D /* OSPAuthManager.m in Sources */ = {isa = PBXBuildFile; fileRef = F798FBB11EBD9BA500576D0D /* OSPAuthManager.m */; };
		F798FBBB1EBDA7C900576D0D /* OSPSignInViewController.m in Sources */ = {isa = PBXBuildFile; fileRef = F798FBBA1EBDA7C900576D0D /* OSPSignInViewController.m */; };
		F798FBBE1EBEF74900576D0D /* OSPSignUpViewController.m in Sources */ = {isa = PBXBuildFile; fileRef = F798FBBD1EBEF74900576D0D /* OSPSignUpViewController.m */; };
/* End PBXBuildFile section */

/* Begin PBXFileReference section */
		F758B1D01EA5D78800B25775 /* OneSpoon.app */ = {isa = PBXFileReference; explicitFileType = wrapper.application; includeInIndex = 0; path = OneSpoon.app; sourceTree = BUILT_PRODUCTS_DIR; };
		F758B1D41EA5D78800B25775 /* main.m */ = {isa = PBXFileReference; lastKnownFileType = sourcecode.c.objc; path = main.m; sourceTree = "<group>"; };
		F758B1D61EA5D78800B25775 /* AppDelegate.h */ = {isa = PBXFileReference; lastKnownFileType = sourcecode.c.h; path = AppDelegate.h; sourceTree = "<group>"; };
		F758B1D71EA5D78800B25775 /* AppDelegate.m */ = {isa = PBXFileReference; lastKnownFileType = sourcecode.c.objc; path = AppDelegate.m; sourceTree = "<group>"; };
		F758B1DF1EA5D78800B25775 /* Assets.xcassets */ = {isa = PBXFileReference; lastKnownFileType = folder.assetcatalog; path = Assets.xcassets; sourceTree = "<group>"; };
		F758B1E41EA5D78800B25775 /* Info.plist */ = {isa = PBXFileReference; lastKnownFileType = text.plist.xml; path = Info.plist; sourceTree = "<group>"; };
		F758B1EA1EA5D8B400B25775 /* OSPTabBarController.h */ = {isa = PBXFileReference; fileEncoding = 4; lastKnownFileType = sourcecode.c.h; path = OSPTabBarController.h; sourceTree = "<group>"; };
		F758B1EB1EA5D8B400B25775 /* OSPTabBarController.m */ = {isa = PBXFileReference; fileEncoding = 4; lastKnownFileType = sourcecode.c.objc; path = OSPTabBarController.m; sourceTree = "<group>"; };
		F758B1F81EA5E6EF00B25775 /* OSPProfileViewController.h */ = {isa = PBXFileReference; fileEncoding = 4; lastKnownFileType = sourcecode.c.h; name = OSPProfileViewController.h; path = Profile/OSPProfileViewController.h; sourceTree = "<group>"; };
		F758B1F91EA5E6EF00B25775 /* OSPProfileViewController.m */ = {isa = PBXFileReference; fileEncoding = 4; lastKnownFileType = sourcecode.c.objc; name = OSPProfileViewController.m; path = Profile/OSPProfileViewController.m; sourceTree = "<group>"; };
		F758B1FC1EA5E71200B25775 /* OSPPreferencesViewController.h */ = {isa = PBXFileReference; fileEncoding = 4; lastKnownFileType = sourcecode.c.h; name = OSPPreferencesViewController.h; path = Preferences/OSPPreferencesViewController.h; sourceTree = "<group>"; };
		F758B1FD1EA5E71200B25775 /* OSPPreferencesViewController.m */ = {isa = PBXFileReference; fileEncoding = 4; lastKnownFileType = sourcecode.c.objc; name = OSPPreferencesViewController.m; path = Preferences/OSPPreferencesViewController.m; sourceTree = "<group>"; };
		F758B2001EA5E73400B25775 /* OSPFavoriteViewController.h */ = {isa = PBXFileReference; fileEncoding = 4; lastKnownFileType = sourcecode.c.h; name = OSPFavoriteViewController.h; path = Favorite/OSPFavoriteViewController.h; sourceTree = "<group>"; };
		F758B2011EA5E73400B25775 /* OSPFavoriteViewController.m */ = {isa = PBXFileReference; fileEncoding = 4; lastKnownFileType = sourcecode.c.objc; name = OSPFavoriteViewController.m; path = Favorite/OSPFavoriteViewController.m; sourceTree = "<group>"; };
		F798FB991EB7920A00576D0D /* OSPRecommendationViewController.m */ = {isa = PBXFileReference; fileEncoding = 4; lastKnownFileType = sourcecode.c.objc; name = OSPRecommendationViewController.m; path = Recommendation/OSPRecommendationViewController.m; sourceTree = "<group>"; };
		F798FB9A1EB7920A00576D0D /* OSPRecommendationViewController.h */ = {isa = PBXFileReference; fileEncoding = 4; lastKnownFileType = sourcecode.c.h; name = OSPRecommendationViewController.h; path = Recommendation/OSPRecommendationViewController.h; sourceTree = "<group>"; };
		F798FB9C1EB8E86F00576D0D /* OSPColor.h */ = {isa = PBXFileReference; fileEncoding = 4; lastKnownFileType = sourcecode.c.h; name = OSPColor.h; path = OneSpoon/Util/OSPColor.h; sourceTree = SOURCE_ROOT; };
		F798FB9D1EB8E86F00576D0D /* OSPColor.m */ = {isa = PBXFileReference; fileEncoding = 4; lastKnownFileType = sourcecode.c.objc; name = OSPColor.m; path = Util/OSPColor.m; sourceTree = "<group>"; };
		F798FBA01EB9ABD500576D0D /* OSPProfile.h */ = {isa = PBXFileReference; fileEncoding = 4; lastKnownFileType = sourcecode.c.h; name = OSPProfile.h; path = Model/OSPProfile.h; sourceTree = "<group>"; };
		F798FBA11EB9ABD500576D0D /* OSPProfile.m */ = {isa = PBXFileReference; fileEncoding = 4; lastKnownFileType = sourcecode.c.objc; name = OSPProfile.m; path = Model/OSPProfile.m; sourceTree = "<group>"; };
		F798FBA41EB9B47600576D0D /* OSPRecommendationTableViewCell.h */ = {isa = PBXFileReference; fileEncoding = 4; lastKnownFileType = sourcecode.c.h; name = OSPRecommendationTableViewCell.h; path = Recommendation/OSPRecommendationTableViewCell.h; sourceTree = "<group>"; };
		F798FBA51EB9B47600576D0D /* OSPRecommendationTableViewCell.m */ = {isa = PBXFileReference; fileEncoding = 4; lastKnownFileType = sourcecode.c.objc; name = OSPRecommendationTableViewCell.m; path = Recommendation/OSPRecommendationTableViewCell.m; sourceTree = "<group>"; };
		F798FBA71EBA3DB400576D0D /* OSPRecommendationCardView.h */ = {isa = PBXFileReference; fileEncoding = 4; lastKnownFileType = sourcecode.c.h; name = OSPRecommendationCardView.h; path = Recommendation/OSPRecommendationCardView.h; sourceTree = "<group>"; };
		F798FBA81EBA3DB400576D0D /* OSPRecommendationCardView.m */ = {isa = PBXFileReference; fileEncoding = 4; lastKnownFileType = sourcecode.c.objc; name = OSPRecommendationCardView.m; path = Recommendation/OSPRecommendationCardView.m; sourceTree = "<group>"; };
		F798FBAA1EBB0E6600576D0D /* OSPFont.h */ = {isa = PBXFileReference; fileEncoding = 4; lastKnownFileType = sourcecode.c.h; name = OSPFont.h; path = Util/OSPFont.h; sourceTree = "<group>"; };
		F798FBAB1EBB0E6600576D0D /* OSPFont.m */ = {isa = PBXFileReference; fileEncoding = 4; lastKnownFileType = sourcecode.c.objc; name = OSPFont.m; path = Util/OSPFont.m; sourceTree = "<group>"; };
		F798FBAD1EBC24BD00576D0D /* OSPIcon.h */ = {isa = PBXFileReference; fileEncoding = 4; lastKnownFileType = sourcecode.c.h; name = OSPIcon.h; path = Util/OSPIcon.h; sourceTree = "<group>"; };
		F798FBAE1EBC24BD00576D0D /* OSPIcon.m */ = {isa = PBXFileReference; fileEncoding = 4; lastKnownFileType = sourcecode.c.objc; name = OSPIcon.m; path = Util/OSPIcon.m; sourceTree = "<group>"; };
		F798FBB01EBD9BA500576D0D /* OSPAuthManager.h */ = {isa = PBXFileReference; fileEncoding = 4; lastKnownFileType = sourcecode.c.h; name = OSPAuthManager.h; path = Module/OSPAuthManager.h; sourceTree = "<group>"; };
		F798FBB11EBD9BA500576D0D /* OSPAuthManager.m */ = {isa = PBXFileReference; fileEncoding = 4; lastKnownFileType = sourcecode.c.objc; name = OSPAuthManager.m; path = Module/OSPAuthManager.m; sourceTree = "<group>"; };
		F798FBB91EBDA7C900576D0D /* OSPSignInViewController.h */ = {isa = PBXFileReference; fileEncoding = 4; lastKnownFileType = sourcecode.c.h; name = OSPSignInViewController.h; path = SignIn/OSPSignInViewController.h; sourceTree = "<group>"; };
		F798FBBA1EBDA7C900576D0D /* OSPSignInViewController.m */ = {isa = PBXFileReference; fileEncoding = 4; lastKnownFileType = sourcecode.c.objc; name = OSPSignInViewController.m; path = SignIn/OSPSignInViewController.m; sourceTree = "<group>"; };
		F798FBBC1EBEF74900576D0D /* OSPSignUpViewController.h */ = {isa = PBXFileReference; fileEncoding = 4; lastKnownFileType = sourcecode.c.h; name = OSPSignUpViewController.h; path = SignIn/OSPSignUpViewController.h; sourceTree = "<group>"; };
		F798FBBD1EBEF74900576D0D /* OSPSignUpViewController.m */ = {isa = PBXFileReference; fileEncoding = 4; lastKnownFileType = sourcecode.c.objc; name = OSPSignUpViewController.m; path = SignIn/OSPSignUpViewController.m; sourceTree = "<group>"; };
/* End PBXFileReference section */

/* Begin PBXFrameworksBuildPhase section */
		F758B1CD1EA5D78800B25775 /* Frameworks */ = {
			isa = PBXFrameworksBuildPhase;
			buildActionMask = 2147483647;
			files = (
			);
			runOnlyForDeploymentPostprocessing = 0;
		};
/* End PBXFrameworksBuildPhase section */

/* Begin PBXGroup section */
		F758B1C71EA5D78800B25775 = {
			isa = PBXGroup;
			children = (
				F758B1D21EA5D78800B25775 /* OneSpoon */,
				F758B1D11EA5D78800B25775 /* Products */,
			);
			sourceTree = "<group>";
		};
		F758B1D11EA5D78800B25775 /* Products */ = {
			isa = PBXGroup;
			children = (
				F758B1D01EA5D78800B25775 /* OneSpoon.app */,
			);
			name = Products;
			sourceTree = "<group>";
		};
		F758B1D21EA5D78800B25775 /* OneSpoon */ = {
			isa = PBXGroup;
			children = (
				F798FBB81EBDA70900576D0D /* SignIn */,
				F798FBB31EBD9BAD00576D0D /* Module */,
				F798FBA31EB9ABDF00576D0D /* Model */,
				F798FB9F1EB8E87700576D0D /* Util */,
				F798FB981EB791FC00576D0D /* Recommendation */,
				F758B1FF1EA5E71600B25775 /* Favorite */,
				F758B1FB1EA5E6F300B25775 /* Preferences */,
				F758B1F71EA5E6D700B25775 /* Profile */,
				F758B1D61EA5D78800B25775 /* AppDelegate.h */,
				F758B1D71EA5D78800B25775 /* AppDelegate.m */,
				F758B1DF1EA5D78800B25775 /* Assets.xcassets */,
				F758B1E41EA5D78800B25775 /* Info.plist */,
				F758B1D31EA5D78800B25775 /* Supporting Files */,
				F758B1EA1EA5D8B400B25775 /* OSPTabBarController.h */,
				F758B1EB1EA5D8B400B25775 /* OSPTabBarController.m */,
			);
			path = OneSpoon;
			sourceTree = "<group>";
		};
		F758B1D31EA5D78800B25775 /* Supporting Files */ = {
			isa = PBXGroup;
			children = (
				F758B1D41EA5D78800B25775 /* main.m */,
			);
			name = "Supporting Files";
			sourceTree = "<group>";
		};
		F758B1F71EA5E6D700B25775 /* Profile */ = {
			isa = PBXGroup;
			children = (
				F758B1F81EA5E6EF00B25775 /* OSPProfileViewController.h */,
				F758B1F91EA5E6EF00B25775 /* OSPProfileViewController.m */,
			);
			name = Profile;
			sourceTree = "<group>";
		};
		F758B1FB1EA5E6F300B25775 /* Preferences */ = {
			isa = PBXGroup;
			children = (
				F758B1FC1EA5E71200B25775 /* OSPPreferencesViewController.h */,
				F758B1FD1EA5E71200B25775 /* OSPPreferencesViewController.m */,
			);
			name = Preferences;
			sourceTree = "<group>";
		};
		F758B1FF1EA5E71600B25775 /* Favorite */ = {
			isa = PBXGroup;
			children = (
				F758B2001EA5E73400B25775 /* OSPFavoriteViewController.h */,
				F758B2011EA5E73400B25775 /* OSPFavoriteViewController.m */,
			);
			name = Favorite;
			sourceTree = "<group>";
		};
		F798FB981EB791FC00576D0D /* Recommendation */ = {
			isa = PBXGroup;
			children = (
				F798FB991EB7920A00576D0D /* OSPRecommendationViewController.m */,
				F798FB9A1EB7920A00576D0D /* OSPRecommendationViewController.h */,
				F798FBA41EB9B47600576D0D /* OSPRecommendationTableViewCell.h */,
				F798FBA51EB9B47600576D0D /* OSPRecommendationTableViewCell.m */,
				F798FBA71EBA3DB400576D0D /* OSPRecommendationCardView.h */,
				F798FBA81EBA3DB400576D0D /* OSPRecommendationCardView.m */,
			);
			name = Recommendation;
			sourceTree = "<group>";
		};
		F798FB9F1EB8E87700576D0D /* Util */ = {
			isa = PBXGroup;
			children = (
				F798FB9C1EB8E86F00576D0D /* OSPColor.h */,
				F798FB9D1EB8E86F00576D0D /* OSPColor.m */,
				F798FBAA1EBB0E6600576D0D /* OSPFont.h */,
				F798FBAB1EBB0E6600576D0D /* OSPFont.m */,
				F798FBAD1EBC24BD00576D0D /* OSPIcon.h */,
				F798FBAE1EBC24BD00576D0D /* OSPIcon.m */,
			);
			name = Util;
			sourceTree = "<group>";
		};
		F798FBA31EB9ABDF00576D0D /* Model */ = {
			isa = PBXGroup;
			children = (
				F798FBA01EB9ABD500576D0D /* OSPProfile.h */,
				F798FBA11EB9ABD500576D0D /* OSPProfile.m */,
			);
			name = Model;
			sourceTree = "<group>";
		};
		F798FBB31EBD9BAD00576D0D /* Module */ = {
			isa = PBXGroup;
			children = (
				F798FBB01EBD9BA500576D0D /* OSPAuthManager.h */,
				F798FBB11EBD9BA500576D0D /* OSPAuthManager.m */,
			);
			name = Module;
			sourceTree = "<group>";
		};
		F798FBB81EBDA70900576D0D /* SignIn */ = {
			isa = PBXGroup;
			children = (
				F798FBB91EBDA7C900576D0D /* OSPSignInViewController.h */,
				F798FBBA1EBDA7C900576D0D /* OSPSignInViewController.m */,
				F798FBBC1EBEF74900576D0D /* OSPSignUpViewController.h */,
				F798FBBD1EBEF74900576D0D /* OSPSignUpViewController.m */,
			);
			name = SignIn;
			sourceTree = "<group>";
		};
/* End PBXGroup section */

/* Begin PBXNativeTarget section */
		F758B1CF1EA5D78800B25775 /* OneSpoon */ = {
			isa = PBXNativeTarget;
			buildConfigurationList = F758B1E71EA5D78800B25775 /* Build configuration list for PBXNativeTarget "OneSpoon" */;
			buildPhases = (
				F758B1CC1EA5D78800B25775 /* Sources */,
				F758B1CD1EA5D78800B25775 /* Frameworks */,
				F758B1CE1EA5D78800B25775 /* Resources */,
			);
			buildRules = (
			);
			dependencies = (
			);
			name = OneSpoon;
			productName = OneSpoon;
			productReference = F758B1D01EA5D78800B25775 /* OneSpoon.app */;
			productType = "com.apple.product-type.application";
		};
/* End PBXNativeTarget section */

/* Begin PBXProject section */
		F758B1C81EA5D78800B25775 /* Project object */ = {
			isa = PBXProject;
			attributes = {
				LastUpgradeCheck = 0830;
				ORGANIZATIONNAME = OneSpoon;
				TargetAttributes = {
					F758B1CF1EA5D78800B25775 = {
						CreatedOnToolsVersion = 8.3.1;
						ProvisioningStyle = Automatic;
					};
				};
			};
			buildConfigurationList = F758B1CB1EA5D78800B25775 /* Build configuration list for PBXProject "OneSpoon" */;
			compatibilityVersion = "Xcode 3.2";
			developmentRegion = English;
			hasScannedForEncodings = 0;
			knownRegions = (
				en,
				Base,
			);
			mainGroup = F758B1C71EA5D78800B25775;
			productRefGroup = F758B1D11EA5D78800B25775 /* Products */;
			projectDirPath = "";
			projectRoot = "";
			targets = (
				F758B1CF1EA5D78800B25775 /* OneSpoon */,
			);
		};
/* End PBXProject section */

/* Begin PBXResourcesBuildPhase section */
		F758B1CE1EA5D78800B25775 /* Resources */ = {
			isa = PBXResourcesBuildPhase;
			buildActionMask = 2147483647;
			files = (
				F758B1E01EA5D78800B25775 /* Assets.xcassets in Resources */,
			);
			runOnlyForDeploymentPostprocessing = 0;
		};
/* End PBXResourcesBuildPhase section */

/* Begin PBXSourcesBuildPhase section */
		F758B1CC1EA5D78800B25775 /* Sources */ = {
			isa = PBXSourcesBuildPhase;
			buildActionMask = 2147483647;
			files = (
				F798FBBB1EBDA7C900576D0D /* OSPSignInViewController.m in Sources */,
				F798FBB21EBD9BA500576D0D /* OSPAuthManager.m in Sources */,
				F758B1EC1EA5D8B400B25775 /* OSPTabBarController.m in Sources */,
				F758B1FE1EA5E71200B25775 /* OSPPreferencesViewController.m in Sources */,
				F798FBA21EB9ABD500576D0D /* OSPProfile.m in Sources */,
				F758B1FA1EA5E6EF00B25775 /* OSPProfileViewController.m in Sources */,
				F758B1D81EA5D78800B25775 /* AppDelegate.m in Sources */,
				F758B1D51EA5D78800B25775 /* main.m in Sources */,
				F758B2021EA5E73400B25775 /* OSPFavoriteViewController.m in Sources */,
				F798FBAF1EBC24BD00576D0D /* OSPIcon.m in Sources */,
				F798FBA91EBA3DB400576D0D /* OSPRecommendationCardView.m in Sources */,
				F798FBBE1EBEF74900576D0D /* OSPSignUpViewController.m in Sources */,
				F798FB9E1EB8E86F00576D0D /* OSPColor.m in Sources */,
				F798FBAC1EBB0E6600576D0D /* OSPFont.m in Sources */,
				F798FBA61EB9B47600576D0D /* OSPRecommendationTableViewCell.m in Sources */,
				F798FB9B1EB7920A00576D0D /* OSPRecommendationViewController.m in Sources */,
			);
			runOnlyForDeploymentPostprocessing = 0;
		};
/* End PBXSourcesBuildPhase section */

/* Begin XCBuildConfiguration section */
		F758B1E51EA5D78800B25775 /* Debug */ = {
			isa = XCBuildConfiguration;
			buildSettings = {
				ALWAYS_SEARCH_USER_PATHS = NO;
				CLANG_ANALYZER_NONNULL = YES;
				CLANG_ANALYZER_NUMBER_OBJECT_CONVERSION = YES_AGGRESSIVE;
				CLANG_CXX_LANGUAGE_STANDARD = "gnu++0x";
				CLANG_CXX_LIBRARY = "libc++";
				CLANG_ENABLE_MODULES = YES;
				CLANG_ENABLE_OBJC_ARC = YES;
				CLANG_WARN_BOOL_CONVERSION = YES;
				CLANG_WARN_CONSTANT_CONVERSION = YES;
				CLANG_WARN_DIRECT_OBJC_ISA_USAGE = YES_ERROR;
				CLANG_WARN_DOCUMENTATION_COMMENTS = YES;
				CLANG_WARN_EMPTY_BODY = YES;
				CLANG_WARN_ENUM_CONVERSION = YES;
				CLANG_WARN_INFINITE_RECURSION = YES;
				CLANG_WARN_INT_CONVERSION = YES;
				CLANG_WARN_OBJC_ROOT_CLASS = YES_ERROR;
				CLANG_WARN_SUSPICIOUS_MOVE = YES;
				CLANG_WARN_UNREACHABLE_CODE = YES;
				CLANG_WARN__DUPLICATE_METHOD_MATCH = YES;
				"CODE_SIGN_IDENTITY[sdk=iphoneos*]" = "iPhone Developer";
				COPY_PHASE_STRIP = NO;
				DEBUG_INFORMATION_FORMAT = dwarf;
				ENABLE_STRICT_OBJC_MSGSEND = YES;
				ENABLE_TESTABILITY = YES;
				GCC_C_LANGUAGE_STANDARD = gnu99;
				GCC_DYNAMIC_NO_PIC = NO;
				GCC_NO_COMMON_BLOCKS = YES;
				GCC_OPTIMIZATION_LEVEL = 0;
				GCC_PREPROCESSOR_DEFINITIONS = (
					"DEBUG=1",
					"$(inherited)",
				);
				GCC_WARN_64_TO_32_BIT_CONVERSION = YES;
				GCC_WARN_ABOUT_RETURN_TYPE = YES_ERROR;
				GCC_WARN_UNDECLARED_SELECTOR = YES;
				GCC_WARN_UNINITIALIZED_AUTOS = YES_AGGRESSIVE;
				GCC_WARN_UNUSED_FUNCTION = YES;
				GCC_WARN_UNUSED_VARIABLE = YES;
				IPHONEOS_DEPLOYMENT_TARGET = 10.3;
				MTL_ENABLE_DEBUG_INFO = YES;
				ONLY_ACTIVE_ARCH = YES;
				SDKROOT = iphoneos;
			};
			name = Debug;
		};
		F758B1E61EA5D78800B25775 /* Release */ = {
			isa = XCBuildConfiguration;
			buildSettings = {
				ALWAYS_SEARCH_USER_PATHS = NO;
				CLANG_ANALYZER_NONNULL = YES;
				CLANG_ANALYZER_NUMBER_OBJECT_CONVERSION = YES_AGGRESSIVE;
				CLANG_CXX_LANGUAGE_STANDARD = "gnu++0x";
				CLANG_CXX_LIBRARY = "libc++";
				CLANG_ENABLE_MODULES = YES;
				CLANG_ENABLE_OBJC_ARC = YES;
				CLANG_WARN_BOOL_CONVERSION = YES;
				CLANG_WARN_CONSTANT_CONVERSION = YES;
				CLANG_WARN_DIRECT_OBJC_ISA_USAGE = YES_ERROR;
				CLANG_WARN_DOCUMENTATION_COMMENTS = YES;
				CLANG_WARN_EMPTY_BODY = YES;
				CLANG_WARN_ENUM_CONVERSION = YES;
				CLANG_WARN_INFINITE_RECURSION = YES;
				CLANG_WARN_INT_CONVERSION = YES;
				CLANG_WARN_OBJC_ROOT_CLASS = YES_ERROR;
				CLANG_WARN_SUSPICIOUS_MOVE = YES;
				CLANG_WARN_UNREACHABLE_CODE = YES;
				CLANG_WARN__DUPLICATE_METHOD_MATCH = YES;
				"CODE_SIGN_IDENTITY[sdk=iphoneos*]" = "iPhone Developer";
				COPY_PHASE_STRIP = NO;
				DEBUG_INFORMATION_FORMAT = "dwarf-with-dsym";
				ENABLE_NS_ASSERTIONS = NO;
				ENABLE_STRICT_OBJC_MSGSEND = YES;
				GCC_C_LANGUAGE_STANDARD = gnu99;
				GCC_NO_COMMON_BLOCKS = YES;
				GCC_WARN_64_TO_32_BIT_CONVERSION = YES;
				GCC_WARN_ABOUT_RETURN_TYPE = YES_ERROR;
				GCC_WARN_UNDECLARED_SELECTOR = YES;
				GCC_WARN_UNINITIALIZED_AUTOS = YES_AGGRESSIVE;
				GCC_WARN_UNUSED_FUNCTION = YES;
				GCC_WARN_UNUSED_VARIABLE = YES;
				IPHONEOS_DEPLOYMENT_TARGET = 10.3;
				MTL_ENABLE_DEBUG_INFO = NO;
				SDKROOT = iphoneos;
				VALIDATE_PRODUCT = YES;
			};
			name = Release;
		};
		F758B1E81EA5D78800B25775 /* Debug */ = {
			isa = XCBuildConfiguration;
			buildSettings = {
				ASSETCATALOG_COMPILER_APPICON_NAME = AppIcon;
				ASSETCATALOG_COMPILER_LAUNCHIMAGE_NAME = LaunchImage;
				DEVELOPMENT_TEAM = "";
				INFOPLIST_FILE = OneSpoon/Info.plist;
				LD_RUNPATH_SEARCH_PATHS = "$(inherited) @executable_path/Frameworks";
				PRODUCT_BUNDLE_IDENTIFIER = com.onespoon.OneSpoon;
				PRODUCT_NAME = "$(TARGET_NAME)";
			};
			name = Debug;
		};
		F758B1E91EA5D78800B25775 /* Release */ = {
			isa = XCBuildConfiguration;
			buildSettings = {
				ASSETCATALOG_COMPILER_APPICON_NAME = AppIcon;
				ASSETCATALOG_COMPILER_LAUNCHIMAGE_NAME = LaunchImage;
				DEVELOPMENT_TEAM = "";
				INFOPLIST_FILE = OneSpoon/Info.plist;
				LD_RUNPATH_SEARCH_PATHS = "$(inherited) @executable_path/Frameworks";
				PRODUCT_BUNDLE_IDENTIFIER = com.onespoon.OneSpoon;
				PRODUCT_NAME = "$(TARGET_NAME)";
			};
			name = Release;
		};
/* End XCBuildConfiguration section */

/* Begin XCConfigurationList section */
		F758B1CB1EA5D78800B25775 /* Build configuration list for PBXProject "OneSpoon" */ = {
			isa = XCConfigurationList;
			buildConfigurations = (
				F758B1E51EA5D78800B25775 /* Debug */,
				F758B1E61EA5D78800B25775 /* Release */,
			);
			defaultConfigurationIsVisible = 0;
			defaultConfigurationName = Release;
		};
		F758B1E71EA5D78800B25775 /* Build configuration list for PBXNativeTarget "OneSpoon" */ = {
			isa = XCConfigurationList;
			buildConfigurations = (
				F758B1E81EA5D78800B25775 /* Debug */,
				F758B1E91EA5D78800B25775 /* Release */,
			);
			defaultConfigurationIsVisible = 0;
			defaultConfigurationName = Release;
		};
/* End XCConfigurationList section */
	};
	rootObject = F758B1C81EA5D78800B25775 /* Project object */;
}
